
Microsoft Visual Studio Solution File, Format Version 12.00
# Visual Studio Version 16
VisualStudioVersion = 16.0.31729.503
MinimumVisualStudioVersion = 10.0.40219.1
Project("{8BC9CEB8-8B4A-11D0-8D11-00A0C91BC942}") = "Optimus", "Optimus\Optimus.vcxproj", "{8E0B54C0-6DBF-479F-842E-F4E025AC7D51}"
EndProject
Project("{8BC9CEB8-8B4A-11D0-8D11-00A0C91BC942}") = "OMPEval", "OMPEval\OMPEval.vcxproj", "{5CAFC22B-8926-49B4-95C5-66766CD5ECB3}"
EndProject
Project("{8BC9CEB8-8B4A-11D0-8D11-00A0C91BC942}") = "GameEngine", "GameEngine\GameEngine.vcxproj", "{D600E3C1-F1A0-42D2-BC70-D143B14AAC40}"
EndProject
Project("{8BC9CEB8-8B4A-11D0-8D11-00A0C91BC942}") = "Test-GameEngine", "Test-GameEngine\Test-GameEngine.vcxproj", "{6077BA04-E4D6-4930-866F-694784539D2E}"
EndProject
Project("{8BC9CEB8-8B4A-11D0-8D11-00A0C91BC942}") = "RandomAI", "RandomAI\RandomAI.vcxproj", "{C493D8C9-AF17-42A4-8420-E92C6C892CAE}"
EndProject
Project("{8BC9CEB8-8B4A-11D0-8D11-00A0C91BC942}") = "GameEnginePerf", "GameEnginePerformance\GameEnginePerformance.vcxproj", "{169ABAA8-876D-47E7-8975-DE339A7B2B5D}"
EndProject
Project("{8BC9CEB8-8B4A-11D0-8D11-00A0C91BC942}") = "Utils", "Utils\Utils.vcxproj", "{2B261B87-AB22-4819-A536-8F50FB66A682}"
EndProject
Project("{8BC9CEB8-8B4A-11D0-8D11-00A0C91BC942}") = "UserPlayer", "UserPlayer\UserPlayer.vcxproj", "{33622248-178B-4194-AA19-262D2EA83FB7}"
EndProject
Project("{8BC9CEB8-8B4A-11D0-8D11-00A0C91BC942}") = "Test2", "Test2\Test2.vcxproj", "{A91A8FF4-009C-49A8-80B1-32859AFC620A}"
EndProject
Project("{8BC9CEB8-8B4A-11D0-8D11-00A0C91BC942}") = "Test1", "Test1\Test1.vcxproj", "{93306AD9-D7FF-4D2F-8977-62D2A3BA02DF}"
EndProject
Project("{8BC9CEB8-8B4A-11D0-8D11-00A0C91BC942}") = "CompressHandData", "CompressHandData\CompressHandData.vcxproj", "{CA968352-6406-4551-9B8F-FC2151593A02}"
EndProject
Project("{8BC9CEB8-8B4A-11D0-8D11-00A0C91BC942}") = "HandData", "HandData\HandData.vcxproj", "{84E3A460-8D80-44F6-91CF-6D7105B3D933}"
EndProject
Project("{8BC9CEB8-8B4A-11D0-8D11-00A0C91BC942}") = "DisplayGame", "DisplayGame\DisplayGame.vcxproj", "{31DFE5E9-3C94-44B8-8998-2BCB931AADC7}"
EndProject
Project("{8BC9CEB8-8B4A-11D0-8D11-00A0C91BC942}") = "LosslessAbstraction", "LosslessAbstraction\LosslessAbstraction.vcxproj", "{AF95634E-7F0F-4D67-95BA-F908637FAA6E}"
EndProject
Project("{8BC9CEB8-8B4A-11D0-8D11-00A0C91BC942}") = "Test-LosslessAbstraction", "Test-LosslessAbstraction\Test-LosslessAbstraction.vcxproj", "{E1D43E72-435F-4116-B8F1-7363D84156E6}"
EndProject
Project("{8BC9CEB8-8B4A-11D0-8D11-00A0C91BC942}") = "LossyAbstraction", "LossyAbstraction\LossyAbstraction.vcxproj", "{30A7BF15-F11F-43E4-BDEB-85528F77D8F2}"
EndProject
Project("{8BC9CEB8-8B4A-11D0-8D11-00A0C91BC942}") = "Test-LossyAbstraction", "Test-LossyAbstraction\Test-LossyAbstraction.vcxproj", "{5D4C8986-A95C-4DD5-98D6-668C1C49C750}"
EndProject
Project("{8BC9CEB8-8B4A-11D0-8D11-00A0C91BC942}") = "PreflopRefCentroids", "PreflopRefCentroids\PreflopRefCentroids.vcxproj", "{4BA0D468-AA16-40F0-9B4D-97F11EC137EC}"
EndProject
Project("{8BC9CEB8-8B4A-11D0-8D11-00A0C91BC942}") = "BuildHS", "BuildHS\BuildHS.vcxproj", "{3DE881A8-E708-4F19-AA9A-BC0C6E02A17A}"
EndProject
Project("{8BC9CEB8-8B4A-11D0-8D11-00A0C91BC942}") = "BuildOCHS", "BuildOCHS\BuildOCHS.vcxproj", "{5CC7D4CC-1DF9-48AA-AC46-FFD0BD723F73}"
EndProject
Project("{8BC9CEB8-8B4A-11D0-8D11-00A0C91BC942}") = "BuildDKEM", "BuildDKEM\BuildDKEM.vcxproj", "{866C7832-8EDF-457D-BDE3-116CF01D80AC}"
EndProject
Project("{8BC9CEB8-8B4A-11D0-8D11-00A0C91BC942}") = "BuildKOC", "BuildKOC\BuildKOC.vcxproj", "{7C1FAFD1-E2BF-428C-9EEE-A17218AC27EC}"
EndProject
Global
	GlobalSection(SolutionConfigurationPlatforms) = preSolution
		Debug|x64 = Debug|x64
		Debug|x86 = Debug|x86
		Release|x64 = Release|x64
		Release|x86 = Release|x86
	EndGlobalSection
	GlobalSection(ProjectConfigurationPlatforms) = postSolution
		{8E0B54C0-6DBF-479F-842E-F4E025AC7D51}.Debug|x64.ActiveCfg = Debug|x64
		{8E0B54C0-6DBF-479F-842E-F4E025AC7D51}.Debug|x64.Build.0 = Debug|x64
		{8E0B54C0-6DBF-479F-842E-F4E025AC7D51}.Debug|x86.ActiveCfg = Debug|Win32
		{8E0B54C0-6DBF-479F-842E-F4E025AC7D51}.Debug|x86.Build.0 = Debug|Win32
		{8E0B54C0-6DBF-479F-842E-F4E025AC7D51}.Release|x64.ActiveCfg = Release|x64
		{8E0B54C0-6DBF-479F-842E-F4E025AC7D51}.Release|x64.Build.0 = Release|x64
		{8E0B54C0-6DBF-479F-842E-F4E025AC7D51}.Release|x86.ActiveCfg = Release|Win32
		{8E0B54C0-6DBF-479F-842E-F4E025AC7D51}.Release|x86.Build.0 = Release|Win32
		{5CAFC22B-8926-49B4-95C5-66766CD5ECB3}.Debug|x64.ActiveCfg = Debug|x64
		{5CAFC22B-8926-49B4-95C5-66766CD5ECB3}.Debug|x64.Build.0 = Debug|x64
		{5CAFC22B-8926-49B4-95C5-66766CD5ECB3}.Debug|x86.ActiveCfg = Debug|Win32
		{5CAFC22B-8926-49B4-95C5-66766CD5ECB3}.Debug|x86.Build.0 = Debug|Win32
		{5CAFC22B-8926-49B4-95C5-66766CD5ECB3}.Release|x64.ActiveCfg = Release|x64
		{5CAFC22B-8926-49B4-95C5-66766CD5ECB3}.Release|x64.Build.0 = Release|x64
		{5CAFC22B-8926-49B4-95C5-66766CD5ECB3}.Release|x86.ActiveCfg = Release|Win32
		{5CAFC22B-8926-49B4-95C5-66766CD5ECB3}.Release|x86.Build.0 = Release|Win32
		{D600E3C1-F1A0-42D2-BC70-D143B14AAC40}.Debug|x64.ActiveCfg = Debug|x64
		{D600E3C1-F1A0-42D2-BC70-D143B14AAC40}.Debug|x64.Build.0 = Debug|x64
		{D600E3C1-F1A0-42D2-BC70-D143B14AAC40}.Debug|x86.ActiveCfg = Debug|Win32
		{D600E3C1-F1A0-42D2-BC70-D143B14AAC40}.Debug|x86.Build.0 = Debug|Win32
		{D600E3C1-F1A0-42D2-BC70-D143B14AAC40}.Release|x64.ActiveCfg = Release|x64
		{D600E3C1-F1A0-42D2-BC70-D143B14AAC40}.Release|x64.Build.0 = Release|x64
		{D600E3C1-F1A0-42D2-BC70-D143B14AAC40}.Release|x86.ActiveCfg = Release|Win32
		{D600E3C1-F1A0-42D2-BC70-D143B14AAC40}.Release|x86.Build.0 = Release|Win32
		{6077BA04-E4D6-4930-866F-694784539D2E}.Debug|x64.ActiveCfg = Debug|x64
		{6077BA04-E4D6-4930-866F-694784539D2E}.Debug|x64.Build.0 = Debug|x64
		{6077BA04-E4D6-4930-866F-694784539D2E}.Debug|x86.ActiveCfg = Debug|Win32
		{6077BA04-E4D6-4930-866F-694784539D2E}.Debug|x86.Build.0 = Debug|Win32
		{6077BA04-E4D6-4930-866F-694784539D2E}.Release|x64.ActiveCfg = Release|x64
		{6077BA04-E4D6-4930-866F-694784539D2E}.Release|x64.Build.0 = Release|x64
		{6077BA04-E4D6-4930-866F-694784539D2E}.Release|x86.ActiveCfg = Release|Win32
		{6077BA04-E4D6-4930-866F-694784539D2E}.Release|x86.Build.0 = Release|Win32
		{C493D8C9-AF17-42A4-8420-E92C6C892CAE}.Debug|x64.ActiveCfg = Debug|x64
		{C493D8C9-AF17-42A4-8420-E92C6C892CAE}.Debug|x64.Build.0 = Debug|x64
		{C493D8C9-AF17-42A4-8420-E92C6C892CAE}.Debug|x86.ActiveCfg = Debug|Win32
		{C493D8C9-AF17-42A4-8420-E92C6C892CAE}.Debug|x86.Build.0 = Debug|Win32
		{C493D8C9-AF17-42A4-8420-E92C6C892CAE}.Release|x64.ActiveCfg = Release|x64
		{C493D8C9-AF17-42A4-8420-E92C6C892CAE}.Release|x64.Build.0 = Release|x64
		{C493D8C9-AF17-42A4-8420-E92C6C892CAE}.Release|x86.ActiveCfg = Release|Win32
		{C493D8C9-AF17-42A4-8420-E92C6C892CAE}.Release|x86.Build.0 = Release|Win32
		{169ABAA8-876D-47E7-8975-DE339A7B2B5D}.Debug|x64.ActiveCfg = Debug|x64
		{169ABAA8-876D-47E7-8975-DE339A7B2B5D}.Debug|x64.Build.0 = Debug|x64
		{169ABAA8-876D-47E7-8975-DE339A7B2B5D}.Debug|x86.ActiveCfg = Debug|Win32
		{169ABAA8-876D-47E7-8975-DE339A7B2B5D}.Debug|x86.Build.0 = Debug|Win32
		{169ABAA8-876D-47E7-8975-DE339A7B2B5D}.Release|x64.ActiveCfg = Release|x64
		{169ABAA8-876D-47E7-8975-DE339A7B2B5D}.Release|x64.Build.0 = Release|x64
		{169ABAA8-876D-47E7-8975-DE339A7B2B5D}.Release|x86.ActiveCfg = Release|Win32
		{169ABAA8-876D-47E7-8975-DE339A7B2B5D}.Release|x86.Build.0 = Release|Win32
		{2B261B87-AB22-4819-A536-8F50FB66A682}.Debug|x64.ActiveCfg = Debug|x64
		{2B261B87-AB22-4819-A536-8F50FB66A682}.Debug|x64.Build.0 = Debug|x64
		{2B261B87-AB22-4819-A536-8F50FB66A682}.Debug|x86.ActiveCfg = Debug|Win32
		{2B261B87-AB22-4819-A536-8F50FB66A682}.Debug|x86.Build.0 = Debug|Win32
		{2B261B87-AB22-4819-A536-8F50FB66A682}.Release|x64.ActiveCfg = Release|x64
		{2B261B87-AB22-4819-A536-8F50FB66A682}.Release|x64.Build.0 = Release|x64
		{2B261B87-AB22-4819-A536-8F50FB66A682}.Release|x86.ActiveCfg = Release|Win32
		{2B261B87-AB22-4819-A536-8F50FB66A682}.Release|x86.Build.0 = Release|Win32
		{33622248-178B-4194-AA19-262D2EA83FB7}.Debug|x64.ActiveCfg = Debug|x64
		{33622248-178B-4194-AA19-262D2EA83FB7}.Debug|x64.Build.0 = Debug|x64
		{33622248-178B-4194-AA19-262D2EA83FB7}.Debug|x86.ActiveCfg = Debug|Win32
		{33622248-178B-4194-AA19-262D2EA83FB7}.Debug|x86.Build.0 = Debug|Win32
		{33622248-178B-4194-AA19-262D2EA83FB7}.Release|x64.ActiveCfg = Release|x64
		{33622248-178B-4194-AA19-262D2EA83FB7}.Release|x64.Build.0 = Release|x64
		{33622248-178B-4194-AA19-262D2EA83FB7}.Release|x86.ActiveCfg = Release|Win32
		{33622248-178B-4194-AA19-262D2EA83FB7}.Release|x86.Build.0 = Release|Win32
		{A91A8FF4-009C-49A8-80B1-32859AFC620A}.Debug|x64.ActiveCfg = Debug|x64
		{A91A8FF4-009C-49A8-80B1-32859AFC620A}.Debug|x64.Build.0 = Debug|x64
		{A91A8FF4-009C-49A8-80B1-32859AFC620A}.Debug|x86.ActiveCfg = Debug|Win32
		{A91A8FF4-009C-49A8-80B1-32859AFC620A}.Debug|x86.Build.0 = Debug|Win32
		{A91A8FF4-009C-49A8-80B1-32859AFC620A}.Release|x64.ActiveCfg = Release|x64
		{A91A8FF4-009C-49A8-80B1-32859AFC620A}.Release|x64.Build.0 = Release|x64
		{A91A8FF4-009C-49A8-80B1-32859AFC620A}.Release|x86.ActiveCfg = Release|Win32
		{A91A8FF4-009C-49A8-80B1-32859AFC620A}.Release|x86.Build.0 = Release|Win32
		{93306AD9-D7FF-4D2F-8977-62D2A3BA02DF}.Debug|x64.ActiveCfg = Debug|x64
		{93306AD9-D7FF-4D2F-8977-62D2A3BA02DF}.Debug|x64.Build.0 = Debug|x64
		{93306AD9-D7FF-4D2F-8977-62D2A3BA02DF}.Debug|x86.ActiveCfg = Debug|Win32
		{93306AD9-D7FF-4D2F-8977-62D2A3BA02DF}.Debug|x86.Build.0 = Debug|Win32
		{93306AD9-D7FF-4D2F-8977-62D2A3BA02DF}.Release|x64.ActiveCfg = Release|x64
		{93306AD9-D7FF-4D2F-8977-62D2A3BA02DF}.Release|x64.Build.0 = Release|x64
		{93306AD9-D7FF-4D2F-8977-62D2A3BA02DF}.Release|x86.ActiveCfg = Release|Win32
		{93306AD9-D7FF-4D2F-8977-62D2A3BA02DF}.Release|x86.Build.0 = Release|Win32
		{CA968352-6406-4551-9B8F-FC2151593A02}.Debug|x64.ActiveCfg = Debug|x64
		{CA968352-6406-4551-9B8F-FC2151593A02}.Debug|x64.Build.0 = Debug|x64
		{CA968352-6406-4551-9B8F-FC2151593A02}.Debug|x86.ActiveCfg = Debug|Win32
		{CA968352-6406-4551-9B8F-FC2151593A02}.Debug|x86.Build.0 = Debug|Win32
		{CA968352-6406-4551-9B8F-FC2151593A02}.Release|x64.ActiveCfg = Release|x64
		{CA968352-6406-4551-9B8F-FC2151593A02}.Release|x64.Build.0 = Release|x64
		{CA968352-6406-4551-9B8F-FC2151593A02}.Release|x86.ActiveCfg = Release|Win32
		{CA968352-6406-4551-9B8F-FC2151593A02}.Release|x86.Build.0 = Release|Win32
		{84E3A460-8D80-44F6-91CF-6D7105B3D933}.Debug|x64.ActiveCfg = Debug|x64
		{84E3A460-8D80-44F6-91CF-6D7105B3D933}.Debug|x64.Build.0 = Debug|x64
		{84E3A460-8D80-44F6-91CF-6D7105B3D933}.Debug|x86.ActiveCfg = Debug|Win32
		{84E3A460-8D80-44F6-91CF-6D7105B3D933}.Debug|x86.Build.0 = Debug|Win32
		{84E3A460-8D80-44F6-91CF-6D7105B3D933}.Release|x64.ActiveCfg = Release|x64
		{84E3A460-8D80-44F6-91CF-6D7105B3D933}.Release|x64.Build.0 = Release|x64
		{84E3A460-8D80-44F6-91CF-6D7105B3D933}.Release|x86.ActiveCfg = Release|Win32
		{84E3A460-8D80-44F6-91CF-6D7105B3D933}.Release|x86.Build.0 = Release|Win32
		{31DFE5E9-3C94-44B8-8998-2BCB931AADC7}.Debug|x64.ActiveCfg = Debug|x64
		{31DFE5E9-3C94-44B8-8998-2BCB931AADC7}.Debug|x64.Build.0 = Debug|x64
		{31DFE5E9-3C94-44B8-8998-2BCB931AADC7}.Debug|x86.ActiveCfg = Debug|Win32
		{31DFE5E9-3C94-44B8-8998-2BCB931AADC7}.Debug|x86.Build.0 = Debug|Win32
		{31DFE5E9-3C94-44B8-8998-2BCB931AADC7}.Release|x64.ActiveCfg = Release|x64
		{31DFE5E9-3C94-44B8-8998-2BCB931AADC7}.Release|x64.Build.0 = Release|x64
		{31DFE5E9-3C94-44B8-8998-2BCB931AADC7}.Release|x86.ActiveCfg = Release|Win32
		{31DFE5E9-3C94-44B8-8998-2BCB931AADC7}.Release|x86.Build.0 = Release|Win32
		{AF95634E-7F0F-4D67-95BA-F908637FAA6E}.Debug|x64.ActiveCfg = Debug|x64
		{AF95634E-7F0F-4D67-95BA-F908637FAA6E}.Debug|x64.Build.0 = Debug|x64
		{AF95634E-7F0F-4D67-95BA-F908637FAA6E}.Debug|x86.ActiveCfg = Debug|Win32
		{AF95634E-7F0F-4D67-95BA-F908637FAA6E}.Debug|x86.Build.0 = Debug|Win32
		{AF95634E-7F0F-4D67-95BA-F908637FAA6E}.Release|x64.ActiveCfg = Release|x64
		{AF95634E-7F0F-4D67-95BA-F908637FAA6E}.Release|x64.Build.0 = Release|x64
		{AF95634E-7F0F-4D67-95BA-F908637FAA6E}.Release|x86.ActiveCfg = Release|Win32
		{AF95634E-7F0F-4D67-95BA-F908637FAA6E}.Release|x86.Build.0 = Release|Win32
		{E1D43E72-435F-4116-B8F1-7363D84156E6}.Debug|x64.ActiveCfg = Debug|x64
		{E1D43E72-435F-4116-B8F1-7363D84156E6}.Debug|x64.Build.0 = Debug|x64
		{E1D43E72-435F-4116-B8F1-7363D84156E6}.Debug|x86.ActiveCfg = Debug|Win32
		{E1D43E72-435F-4116-B8F1-7363D84156E6}.Debug|x86.Build.0 = Debug|Win32
		{E1D43E72-435F-4116-B8F1-7363D84156E6}.Release|x64.ActiveCfg = Release|x64
		{E1D43E72-435F-4116-B8F1-7363D84156E6}.Release|x64.Build.0 = Release|x64
		{E1D43E72-435F-4116-B8F1-7363D84156E6}.Release|x86.ActiveCfg = Release|Win32
		{E1D43E72-435F-4116-B8F1-7363D84156E6}.Release|x86.Build.0 = Release|Win32
		{30A7BF15-F11F-43E4-BDEB-85528F77D8F2}.Debug|x64.ActiveCfg = Debug|x64
		{30A7BF15-F11F-43E4-BDEB-85528F77D8F2}.Debug|x64.Build.0 = Debug|x64
		{30A7BF15-F11F-43E4-BDEB-85528F77D8F2}.Debug|x86.ActiveCfg = Debug|Win32
		{30A7BF15-F11F-43E4-BDEB-85528F77D8F2}.Debug|x86.Build.0 = Debug|Win32
		{30A7BF15-F11F-43E4-BDEB-85528F77D8F2}.Release|x64.ActiveCfg = Release|x64
		{30A7BF15-F11F-43E4-BDEB-85528F77D8F2}.Release|x64.Build.0 = Release|x64
		{30A7BF15-F11F-43E4-BDEB-85528F77D8F2}.Release|x86.ActiveCfg = Release|Win32
		{30A7BF15-F11F-43E4-BDEB-85528F77D8F2}.Release|x86.Build.0 = Release|Win32
		{5D4C8986-A95C-4DD5-98D6-668C1C49C750}.Debug|x64.ActiveCfg = Debug|x64
		{5D4C8986-A95C-4DD5-98D6-668C1C49C750}.Debug|x64.Build.0 = Debug|x64
		{5D4C8986-A95C-4DD5-98D6-668C1C49C750}.Debug|x86.ActiveCfg = Debug|Win32
		{5D4C8986-A95C-4DD5-98D6-668C1C49C750}.Debug|x86.Build.0 = Debug|Win32
		{5D4C8986-A95C-4DD5-98D6-668C1C49C750}.Release|x64.ActiveCfg = Release|x64
		{5D4C8986-A95C-4DD5-98D6-668C1C49C750}.Release|x64.Build.0 = Release|x64
		{5D4C8986-A95C-4DD5-98D6-668C1C49C750}.Release|x86.ActiveCfg = Release|Win32
		{5D4C8986-A95C-4DD5-98D6-668C1C49C750}.Release|x86.Build.0 = Release|Win32
		{4BA0D468-AA16-40F0-9B4D-97F11EC137EC}.Debug|x64.ActiveCfg = Debug|x64
		{4BA0D468-AA16-40F0-9B4D-97F11EC137EC}.Debug|x64.Build.0 = Debug|x64
		{4BA0D468-AA16-40F0-9B4D-97F11EC137EC}.Debug|x86.ActiveCfg = Debug|Win32
		{4BA0D468-AA16-40F0-9B4D-97F11EC137EC}.Debug|x86.Build.0 = Debug|Win32
		{4BA0D468-AA16-40F0-9B4D-97F11EC137EC}.Release|x64.ActiveCfg = Release|x64
		{4BA0D468-AA16-40F0-9B4D-97F11EC137EC}.Release|x64.Build.0 = Release|x64
		{4BA0D468-AA16-40F0-9B4D-97F11EC137EC}.Release|x86.ActiveCfg = Release|Win32
		{4BA0D468-AA16-40F0-9B4D-97F11EC137EC}.Release|x86.Build.0 = Release|Win32
		{3DE881A8-E708-4F19-AA9A-BC0C6E02A17A}.Debug|x64.ActiveCfg = Debug|x64
		{3DE881A8-E708-4F19-AA9A-BC0C6E02A17A}.Debug|x64.Build.0 = Debug|x64
		{3DE881A8-E708-4F19-AA9A-BC0C6E02A17A}.Debug|x86.ActiveCfg = Debug|Win32
		{3DE881A8-E708-4F19-AA9A-BC0C6E02A17A}.Debug|x86.Build.0 = Debug|Win32
		{3DE881A8-E708-4F19-AA9A-BC0C6E02A17A}.Release|x64.ActiveCfg = Release|x64
		{3DE881A8-E708-4F19-AA9A-BC0C6E02A17A}.Release|x64.Build.0 = Release|x64
		{3DE881A8-E708-4F19-AA9A-BC0C6E02A17A}.Release|x86.ActiveCfg = Release|Win32
		{3DE881A8-E708-4F19-AA9A-BC0C6E02A17A}.Release|x86.Build.0 = Release|Win32
		{5CC7D4CC-1DF9-48AA-AC46-FFD0BD723F73}.Debug|x64.ActiveCfg = Debug|x64
		{5CC7D4CC-1DF9-48AA-AC46-FFD0BD723F73}.Debug|x64.Build.0 = Debug|x64
		{5CC7D4CC-1DF9-48AA-AC46-FFD0BD723F73}.Debug|x86.ActiveCfg = Debug|Win32
		{5CC7D4CC-1DF9-48AA-AC46-FFD0BD723F73}.Debug|x86.Build.0 = Debug|Win32
		{5CC7D4CC-1DF9-48AA-AC46-FFD0BD723F73}.Release|x64.ActiveCfg = Release|x64
		{5CC7D4CC-1DF9-48AA-AC46-FFD0BD723F73}.Release|x64.Build.0 = Release|x64
		{5CC7D4CC-1DF9-48AA-AC46-FFD0BD723F73}.Release|x86.ActiveCfg = Release|Win32
		{5CC7D4CC-1DF9-48AA-AC46-FFD0BD723F73}.Release|x86.Build.0 = Release|Win32
		{866C7832-8EDF-457D-BDE3-116CF01D80AC}.Debug|x64.ActiveCfg = Debug|x64
		{866C7832-8EDF-457D-BDE3-116CF01D80AC}.Debug|x64.Build.0 = Debug|x64
		{866C7832-8EDF-457D-BDE3-116CF01D80AC}.Debug|x86.ActiveCfg = Debug|Win32
		{866C7832-8EDF-457D-BDE3-116CF01D80AC}.Debug|x86.Build.0 = Debug|Win32
		{866C7832-8EDF-457D-BDE3-116CF01D80AC}.Release|x64.ActiveCfg = Release|x64
		{866C7832-8EDF-457D-BDE3-116CF01D80AC}.Release|x64.Build.0 = Release|x64
		{866C7832-8EDF-457D-BDE3-116CF01D80AC}.Release|x86.ActiveCfg = Release|Win32
		{866C7832-8EDF-457D-BDE3-116CF01D80AC}.Release|x86.Build.0 = Release|Win32
		{7C1FAFD1-E2BF-428C-9EEE-A17218AC27EC}.Debug|x64.ActiveCfg = Debug|x64
		{7C1FAFD1-E2BF-428C-9EEE-A17218AC27EC}.Debug|x64.Build.0 = Debug|x64
		{7C1FAFD1-E2BF-428C-9EEE-A17218AC27EC}.Debug|x86.ActiveCfg = Debug|Win32
		{7C1FAFD1-E2BF-428C-9EEE-A17218AC27EC}.Debug|x86.Build.0 = Debug|Win32
		{7C1FAFD1-E2BF-428C-9EEE-A17218AC27EC}.Release|x64.ActiveCfg = Release|x64
		{7C1FAFD1-E2BF-428C-9EEE-A17218AC27EC}.Release|x64.Build.0 = Release|x64
		{7C1FAFD1-E2BF-428C-9EEE-A17218AC27EC}.Release|x86.ActiveCfg = Release|Win32
		{7C1FAFD1-E2BF-428C-9EEE-A17218AC27EC}.Release|x86.Build.0 = Release|Win32
	EndGlobalSection
	GlobalSection(SolutionProperties) = preSolution
		HideSolutionNode = FALSE
	EndGlobalSection
	GlobalSection(ExtensibilityGlobals) = postSolution
		SolutionGuid = {7763CD97-76B8-4DE4-9531-D592AE5ABCE0}
	EndGlobalSection
EndGlobal
